
Microsoft Visual Studio Solution File, Format Version 12.00
# Visual Studio Version 17
VisualStudioVersion = 17.14.36212.18 d17.14
MinimumVisualStudioVersion = 10.0.40219.1
Project("{FAE04EC0-301F-11D3-BF4B-00C04F79EFBC}") = "YarpGateway", "YarpGateway.csproj", "{75928D98-887E-037C-7F7D-827949FAB160}"
EndProject
Global
	GlobalSection(SolutionConfigurationPlatforms) = preSolution
		Debug|Any CPU = Debug|Any CPU
		Release|Any CPU = Release|Any CPU
	EndGlobalSection
	GlobalSection(ProjectConfigurationPlatforms) = postSolution
		{75928D98-887E-037C-7F7D-827949FAB160}.Debug|Any CPU.ActiveCfg = Debug|Any CPU
		{75928D98-887E-037C-7F7D-827949FAB160}.Debug|Any CPU.Build.0 = Debug|Any CPU
		{75928D98-887E-037C-7F7D-827949FAB160}.Release|Any CPU.ActiveCfg = Release|Any CPU
		{75928D98-887E-037C-7F7D-827949FAB160}.Release|Any CPU.Build.0 = Release|Any CPU
	EndGlobalSection
	GlobalSection(SolutionProperties) = preSolution
		HideSolutionNode = FALSE
	EndGlobalSection
	GlobalSection(ExtensibilityGlobals) = postSolution
		SolutionGuid = {6338071C-197F-4954-97A2-954FA016EF98}
	EndGlobalSection
EndGlobal
