
Microsoft Visual Studio Solution File, Format Version 12.00
# Visual Studio Version 17
VisualStudioVersion = 17.14.36127.28
MinimumVisualStudioVersion = 10.0.40219.1
Project("{FAE04EC0-301F-11D3-BF4B-00C04F79EFBC}") = "AzureJsonDataFlowFunction", "Functions\AzureJsonDataFlowFunction\AzureJsonDataFlowFunction.csproj", "{A739D9B4-9A37-22C3-B2BB-D7BD213506AD}"
EndProject
Global
	GlobalSection(SolutionConfigurationPlatforms) = preSolution
		Debug|Any CPU = Debug|Any CPU
		Release|Any CPU = Release|Any CPU
	EndGlobalSection
	GlobalSection(ProjectConfigurationPlatforms) = postSolution
		{A739D9B4-9A37-22C3-B2BB-D7BD213506AD}.Debug|Any CPU.ActiveCfg = Debug|Any CPU
		{A739D9B4-9A37-22C3-B2BB-D7BD213506AD}.Debug|Any CPU.Build.0 = Debug|Any CPU
		{A739D9B4-9A37-22C3-B2BB-D7BD213506AD}.Release|Any CPU.ActiveCfg = Release|Any CPU
		{A739D9B4-9A37-22C3-B2BB-D7BD213506AD}.Release|Any CPU.Build.0 = Release|Any CPU
	EndGlobalSection
	GlobalSection(SolutionProperties) = preSolution
		HideSolutionNode = FALSE
	EndGlobalSection
	GlobalSection(ExtensibilityGlobals) = postSolution
		SolutionGuid = {AAF4F395-E9B8-4DE5-9A71-ED838E132669}
	EndGlobalSection
EndGlobal
